
Microsoft Visual Studio Solution File, Format Version 12.00
# Visual Studio Version 17
VisualStudioVersion = 17.8.34316.72
MinimumVisualStudioVersion = 10.0.40219.1
Project("{FAE04EC0-301F-11D3-BF4B-00C04F79EFBC}") = "RecipeApplication", "RecipeApplication.csproj", "{445C07E0-35E2-4F94-978D-D0F771EA255F}"
EndProject
Global
	GlobalSection(SolutionConfigurationPlatforms) = preSolution
		Debug|Any CPU = Debug|Any CPU
		Release|Any CPU = Release|Any CPU
	EndGlobalSection
	GlobalSection(ProjectConfigurationPlatforms) = postSolution
		{445C07E0-35E2-4F94-978D-D0F771EA255F}.Debug|Any CPU.ActiveCfg = Debug|Any CPU
		{445C07E0-35E2-4F94-978D-D0F771EA255F}.Debug|Any CPU.Build.0 = Debug|Any CPU
		{445C07E0-35E2-4F94-978D-D0F771EA255F}.Release|Any CPU.ActiveCfg = Release|Any CPU
		{445C07E0-35E2-4F94-978D-D0F771EA255F}.Release|Any CPU.Build.0 = Release|Any CPU
	EndGlobalSection
	GlobalSection(SolutionProperties) = preSolution
		HideSolutionNode = FALSE
	EndGlobalSection
	GlobalSection(ExtensibilityGlobals) = postSolution
		SolutionGuid = {2B07E097-E5C0-42AC-8E45-38156596232C}
	EndGlobalSection
EndGlobal
